// !$*UTF8*$!
{
	archiveVersion = 1;
	classes = {
	};
	objectVersion = 50;
	objects = {

/* Begin PBXBuildFile section */
		4F1143FA235ACF5B00198E7C /* SceneKit Asset Catalog.scnassets in Resources */ = {isa = PBXBuildFile; fileRef = 4F1143F9235ACF5B00198E7C /* SceneKit Asset Catalog.scnassets */; };
		4F1143FD235AD6BD00198E7C /* Viewer3D.swift in Sources */ = {isa = PBXBuildFile; fileRef = 4F1143FC235AD6BD00198E7C /* Viewer3D.swift */; };
		4F1143FF235AD6E800198E7C /* Viewer3D.xib in Resources */ = {isa = PBXBuildFile; fileRef = 4F1143FE235AD6E800198E7C /* Viewer3D.xib */; };
		4F114402235B045600198E7C /* StockGraphView.swift in Sources */ = {isa = PBXBuildFile; fileRef = 4F114401235B045600198E7C /* StockGraphView.swift */; };
		4F114404235B046600198E7C /* StockGraphView.xib in Resources */ = {isa = PBXBuildFile; fileRef = 4F114403235B046600198E7C /* StockGraphView.xib */; };
		4F114406235B055300198E7C /* CurveAlgorithm.swift in Sources */ = {isa = PBXBuildFile; fileRef = 4F114405235B055300198E7C /* CurveAlgorithm.swift */; };
		4F114408235B079000198E7C /* LineChart.swift in Sources */ = {isa = PBXBuildFile; fileRef = 4F114407235B079000198E7C /* LineChart.swift */; };
		4F11440A235B07A900198E7C /* DotCALayer.swift in Sources */ = {isa = PBXBuildFile; fileRef = 4F114409235B07A900198E7C /* DotCALayer.swift */; };
		4F11440D235B135400198E7C /* UIColor_Utility.swift in Sources */ = {isa = PBXBuildFile; fileRef = 4F11440C235B135400198E7C /* UIColor_Utility.swift */; };
		4F11440F235B13DA00198E7C /* Color.swift in Sources */ = {isa = PBXBuildFile; fileRef = 4F11440E235B13DA00198E7C /* Color.swift */; };
		4F114411235B33C400198E7C /* CGPath_Utility.swift in Sources */ = {isa = PBXBuildFile; fileRef = 4F114410235B33C400198E7C /* CGPath_Utility.swift */; };
		CBC20B402359A3B20078F2D1 /* ActionViewController.swift in Sources */ = {isa = PBXBuildFile; fileRef = CBC20B3F2359A3B20078F2D1 /* ActionViewController.swift */; };
		CBFEF3CC2358E29B00F0CEAC /* AppDelegate.swift in Sources */ = {isa = PBXBuildFile; fileRef = CBFEF3CB2358E29B00F0CEAC /* AppDelegate.swift */; };
		CBFEF3CE2358E29B00F0CEAC /* SceneDelegate.swift in Sources */ = {isa = PBXBuildFile; fileRef = CBFEF3CD2358E29B00F0CEAC /* SceneDelegate.swift */; };
		CBFEF3D52358E29C00F0CEAC /* Assets.xcassets in Resources */ = {isa = PBXBuildFile; fileRef = CBFEF3D42358E29C00F0CEAC /* Assets.xcassets */; };
		CBFEF3E22358E30200F0CEAC /* SplashViewController.storyboard in Resources */ = {isa = PBXBuildFile; fileRef = CBFEF3E12358E30200F0CEAC /* SplashViewController.storyboard */; };
		CBFEF3E42358E31400F0CEAC /* SplashViewController.swift in Sources */ = {isa = PBXBuildFile; fileRef = CBFEF3E32358E31400F0CEAC /* SplashViewController.swift */; };
		CBFEF3E62359424E00F0CEAC /* HomeViewController.storyboard in Resources */ = {isa = PBXBuildFile; fileRef = CBFEF3E52359424E00F0CEAC /* HomeViewController.storyboard */; };
		CBFEF3E82359427600F0CEAC /* HomeViewController.swift in Sources */ = {isa = PBXBuildFile; fileRef = CBFEF3E72359427600F0CEAC /* HomeViewController.swift */; };
		CBFEF3EA235942FE00F0CEAC /* ItemViewController.swift in Sources */ = {isa = PBXBuildFile; fileRef = CBFEF3E9235942FE00F0CEAC /* ItemViewController.swift */; };
		CBFEF3EC2359430E00F0CEAC /* ItemViewController.storyboard in Resources */ = {isa = PBXBuildFile; fileRef = CBFEF3EB2359430E00F0CEAC /* ItemViewController.storyboard */; };
		CBFEF3EE2359442600F0CEAC /* SizeViewController.swift in Sources */ = {isa = PBXBuildFile; fileRef = CBFEF3ED2359442600F0CEAC /* SizeViewController.swift */; };
		CBFEF3F02359443B00F0CEAC /* SizeViewController.storyboard in Resources */ = {isa = PBXBuildFile; fileRef = CBFEF3EF2359443B00F0CEAC /* SizeViewController.storyboard */; };
/* End PBXBuildFile section */

/* Begin PBXFileReference section */
		4F1143F9235ACF5B00198E7C /* SceneKit Asset Catalog.scnassets */ = {isa = PBXFileReference; lastKnownFileType = wrapper.scnassets; path = "SceneKit Asset Catalog.scnassets"; sourceTree = "<group>"; };
		4F1143FC235AD6BD00198E7C /* Viewer3D.swift */ = {isa = PBXFileReference; lastKnownFileType = sourcecode.swift; name = Viewer3D.swift; path = LookerETASTE/Viewer3D.swift; sourceTree = SOURCE_ROOT; };
		4F1143FE235AD6E800198E7C /* Viewer3D.xib */ = {isa = PBXFileReference; lastKnownFileType = file.xib; path = Viewer3D.xib; sourceTree = "<group>"; };
		4F114401235B045600198E7C /* StockGraphView.swift */ = {isa = PBXFileReference; lastKnownFileType = sourcecode.swift; path = StockGraphView.swift; sourceTree = "<group>"; };
		4F114403235B046600198E7C /* StockGraphView.xib */ = {isa = PBXFileReference; lastKnownFileType = file.xib; path = StockGraphView.xib; sourceTree = "<group>"; };
		4F114405235B055300198E7C /* CurveAlgorithm.swift */ = {isa = PBXFileReference; lastKnownFileType = sourcecode.swift; path = CurveAlgorithm.swift; sourceTree = "<group>"; };
		4F114407235B079000198E7C /* LineChart.swift */ = {isa = PBXFileReference; lastKnownFileType = sourcecode.swift; path = LineChart.swift; sourceTree = "<group>"; };
		4F114409235B07A900198E7C /* DotCALayer.swift */ = {isa = PBXFileReference; lastKnownFileType = sourcecode.swift; path = DotCALayer.swift; sourceTree = "<group>"; };
		4F11440C235B135400198E7C /* UIColor_Utility.swift */ = {isa = PBXFileReference; lastKnownFileType = sourcecode.swift; path = UIColor_Utility.swift; sourceTree = "<group>"; };
		4F11440E235B13DA00198E7C /* Color.swift */ = {isa = PBXFileReference; lastKnownFileType = sourcecode.swift; path = Color.swift; sourceTree = "<group>"; };
		4F114410235B33C400198E7C /* CGPath_Utility.swift */ = {isa = PBXFileReference; lastKnownFileType = sourcecode.swift; path = CGPath_Utility.swift; sourceTree = "<group>"; };
		CBC20B3F2359A3B20078F2D1 /* ActionViewController.swift */ = {isa = PBXFileReference; lastKnownFileType = sourcecode.swift; path = ActionViewController.swift; sourceTree = "<group>"; };
		CBFEF3C82358E29B00F0CEAC /* LookerETASTE.app */ = {isa = PBXFileReference; explicitFileType = wrapper.application; includeInIndex = 0; path = LookerETASTE.app; sourceTree = BUILT_PRODUCTS_DIR; };
		CBFEF3CB2358E29B00F0CEAC /* AppDelegate.swift */ = {isa = PBXFileReference; lastKnownFileType = sourcecode.swift; path = AppDelegate.swift; sourceTree = "<group>"; };
		CBFEF3CD2358E29B00F0CEAC /* SceneDelegate.swift */ = {isa = PBXFileReference; lastKnownFileType = sourcecode.swift; path = SceneDelegate.swift; sourceTree = "<group>"; };
		CBFEF3D42358E29C00F0CEAC /* Assets.xcassets */ = {isa = PBXFileReference; lastKnownFileType = folder.assetcatalog; path = Assets.xcassets; sourceTree = "<group>"; };
		CBFEF3D92358E29C00F0CEAC /* Info.plist */ = {isa = PBXFileReference; lastKnownFileType = text.plist.xml; path = Info.plist; sourceTree = "<group>"; };
		CBFEF3E12358E30200F0CEAC /* SplashViewController.storyboard */ = {isa = PBXFileReference; lastKnownFileType = file.storyboard; path = SplashViewController.storyboard; sourceTree = "<group>"; };
		CBFEF3E32358E31400F0CEAC /* SplashViewController.swift */ = {isa = PBXFileReference; lastKnownFileType = sourcecode.swift; path = SplashViewController.swift; sourceTree = "<group>"; };
		CBFEF3E52359424E00F0CEAC /* HomeViewController.storyboard */ = {isa = PBXFileReference; lastKnownFileType = file.storyboard; path = HomeViewController.storyboard; sourceTree = "<group>"; };
		CBFEF3E72359427600F0CEAC /* HomeViewController.swift */ = {isa = PBXFileReference; lastKnownFileType = sourcecode.swift; path = HomeViewController.swift; sourceTree = "<group>"; };
		CBFEF3E9235942FE00F0CEAC /* ItemViewController.swift */ = {isa = PBXFileReference; lastKnownFileType = sourcecode.swift; path = ItemViewController.swift; sourceTree = "<group>"; };
		CBFEF3EB2359430E00F0CEAC /* ItemViewController.storyboard */ = {isa = PBXFileReference; lastKnownFileType = file.storyboard; path = ItemViewController.storyboard; sourceTree = "<group>"; };
		CBFEF3ED2359442600F0CEAC /* SizeViewController.swift */ = {isa = PBXFileReference; lastKnownFileType = sourcecode.swift; path = SizeViewController.swift; sourceTree = "<group>"; };
		CBFEF3EF2359443B00F0CEAC /* SizeViewController.storyboard */ = {isa = PBXFileReference; lastKnownFileType = file.storyboard; path = SizeViewController.storyboard; sourceTree = "<group>"; };
/* End PBXFileReference section */

/* Begin PBXFrameworksBuildPhase section */
		CBFEF3C52358E29B00F0CEAC /* Frameworks */ = {
			isa = PBXFrameworksBuildPhase;
			buildActionMask = 2147483647;
			files = (
			);
			runOnlyForDeploymentPostprocessing = 0;
		};
/* End PBXFrameworksBuildPhase section */

/* Begin PBXGroup section */
		4F1143FB235AD6AA00198E7C /* Viewer3D */ = {
			isa = PBXGroup;
			children = (
				4F1143FC235AD6BD00198E7C /* Viewer3D.swift */,
				4F1143FE235AD6E800198E7C /* Viewer3D.xib */,
			);
			path = Viewer3D;
			sourceTree = "<group>";
		};
		4F114400235B03E400198E7C /* StockGraphViews */ = {
			isa = PBXGroup;
			children = (
				4F114407235B079000198E7C /* LineChart.swift */,
				4F114405235B055300198E7C /* CurveAlgorithm.swift */,
				4F114409235B07A900198E7C /* DotCALayer.swift */,
				4F114401235B045600198E7C /* StockGraphView.swift */,
				4F114403235B046600198E7C /* StockGraphView.xib */,
			);
			path = StockGraphViews;
			sourceTree = "<group>";
		};
		4F11440B235B133D00198E7C /* Utility */ = {
			isa = PBXGroup;
			children = (
				4F11440C235B135400198E7C /* UIColor_Utility.swift */,
				4F11440E235B13DA00198E7C /* Color.swift */,
				4F114410235B33C400198E7C /* CGPath_Utility.swift */,
			);
			path = Utility;
			sourceTree = "<group>";
		};
		CBFEF3BF2358E29B00F0CEAC = {
			isa = PBXGroup;
			children = (
				CBFEF3CA2358E29B00F0CEAC /* LookerETASTE */,
				CBFEF3C92358E29B00F0CEAC /* Products */,
			);
			sourceTree = "<group>";
		};
		CBFEF3C92358E29B00F0CEAC /* Products */ = {
			isa = PBXGroup;
			children = (
				CBFEF3C82358E29B00F0CEAC /* LookerETASTE.app */,
			);
			name = Products;
			sourceTree = "<group>";
		};
		CBFEF3CA2358E29B00F0CEAC /* LookerETASTE */ = {
			isa = PBXGroup;
			children = (
				4F11440B235B133D00198E7C /* Utility */,
				CBFEF3DF2358E2C900F0CEAC /* Models */,
				CBFEF3E02358E2D100F0CEAC /* ViewControllers */,
				CBFEF3CB2358E29B00F0CEAC /* AppDelegate.swift */,
				CBFEF3CD2358E29B00F0CEAC /* SceneDelegate.swift */,
				CBFEF3D42358E29C00F0CEAC /* Assets.xcassets */,
				CBFEF3D92358E29C00F0CEAC /* Info.plist */,
				4F1143F9235ACF5B00198E7C /* SceneKit Asset Catalog.scnassets */,
			);
			path = LookerETASTE;
			sourceTree = "<group>";
		};
		CBFEF3DF2358E2C900F0CEAC /* Models */ = {
			isa = PBXGroup;
			children = (
			);
			path = Models;
			sourceTree = "<group>";
		};
		CBFEF3E02358E2D100F0CEAC /* ViewControllers */ = {
			isa = PBXGroup;
			children = (
				4F114400235B03E400198E7C /* StockGraphViews */,
				4F1143FB235AD6AA00198E7C /* Viewer3D */,
				CBFEF3E12358E30200F0CEAC /* SplashViewController.storyboard */,
				CBFEF3E32358E31400F0CEAC /* SplashViewController.swift */,
				CBFEF3E52359424E00F0CEAC /* HomeViewController.storyboard */,
				CBFEF3E72359427600F0CEAC /* HomeViewController.swift */,
				CBFEF3EB2359430E00F0CEAC /* ItemViewController.storyboard */,
				CBFEF3E9235942FE00F0CEAC /* ItemViewController.swift */,
				CBFEF3EF2359443B00F0CEAC /* SizeViewController.storyboard */,
				CBFEF3ED2359442600F0CEAC /* SizeViewController.swift */,
				CBC20B3F2359A3B20078F2D1 /* ActionViewController.swift */,
				CB2B4633235B51FB00AF86AD /* ItemInfoCell.swift */,
				CB2B4635235B521700AF86AD /* ItemInfoCell.xib */,
			);
			path = ViewControllers;
			sourceTree = "<group>";
		};
/* End PBXGroup section */

/* Begin PBXNativeTarget section */
		CBFEF3C72358E29B00F0CEAC /* LookerETASTE */ = {
			isa = PBXNativeTarget;
			buildConfigurationList = CBFEF3DC2358E29C00F0CEAC /* Build configuration list for PBXNativeTarget "LookerETASTE" */;
			buildPhases = (
				CBFEF3C42358E29B00F0CEAC /* Sources */,
				CBFEF3C52358E29B00F0CEAC /* Frameworks */,
				CBFEF3C62358E29B00F0CEAC /* Resources */,
			);
			buildRules = (
			);
			dependencies = (
			);
			name = LookerETASTE;
			productName = LookerETASTE;
			productReference = CBFEF3C82358E29B00F0CEAC /* LookerETASTE.app */;
			productType = "com.apple.product-type.application";
		};
/* End PBXNativeTarget section */

/* Begin PBXProject section */
		CBFEF3C02358E29B00F0CEAC /* Project object */ = {
			isa = PBXProject;
			attributes = {
				LastSwiftUpdateCheck = 1100;
				LastUpgradeCheck = 1100;
				ORGANIZATIONNAME = looker;
				TargetAttributes = {
					CBFEF3C72358E29B00F0CEAC = {
						CreatedOnToolsVersion = 11.0;
					};
				};
			};
			buildConfigurationList = CBFEF3C32358E29B00F0CEAC /* Build configuration list for PBXProject "LookerETASTE" */;
			compatibilityVersion = "Xcode 9.3";
			developmentRegion = en;
			hasScannedForEncodings = 0;
			knownRegions = (
				en,
				Base,
			);
			mainGroup = CBFEF3BF2358E29B00F0CEAC;
			productRefGroup = CBFEF3C92358E29B00F0CEAC /* Products */;
			projectDirPath = "";
			projectRoot = "";
			targets = (
				CBFEF3C72358E29B00F0CEAC /* LookerETASTE */,
			);
		};
/* End PBXProject section */

/* Begin PBXResourcesBuildPhase section */
		CBFEF3C62358E29B00F0CEAC /* Resources */ = {
			isa = PBXResourcesBuildPhase;
			buildActionMask = 2147483647;
			files = (
				CBFEF3E22358E30200F0CEAC /* SplashViewController.storyboard in Resources */,
				4F1143FF235AD6E800198E7C /* Viewer3D.xib in Resources */,
				CBFEF3D52358E29C00F0CEAC /* Assets.xcassets in Resources */,
				4F1143FA235ACF5B00198E7C /* SceneKit Asset Catalog.scnassets in Resources */,
				4F114404235B046600198E7C /* StockGraphView.xib in Resources */,
				CBFEF3F02359443B00F0CEAC /* SizeViewController.storyboard in Resources */,
				CBFEF3EC2359430E00F0CEAC /* ItemViewController.storyboard in Resources */,
				CBFEF3E62359424E00F0CEAC /* HomeViewController.storyboard in Resources */,
			);
			runOnlyForDeploymentPostprocessing = 0;
		};
/* End PBXResourcesBuildPhase section */

/* Begin PBXSourcesBuildPhase section */
		CBFEF3C42358E29B00F0CEAC /* Sources */ = {
			isa = PBXSourcesBuildPhase;
			buildActionMask = 2147483647;
			files = (
				4F11440D235B135400198E7C /* UIColor_Utility.swift in Sources */,
				CBFEF3E42358E31400F0CEAC /* SplashViewController.swift in Sources */,
				4F114411235B33C400198E7C /* CGPath_Utility.swift in Sources */,
				CBFEF3EE2359442600F0CEAC /* SizeViewController.swift in Sources */,
				4F1143FD235AD6BD00198E7C /* Viewer3D.swift in Sources */,
				CBFEF3CC2358E29B00F0CEAC /* AppDelegate.swift in Sources */,
				4F114408235B079000198E7C /* LineChart.swift in Sources */,
				CBFEF3EA235942FE00F0CEAC /* ItemViewController.swift in Sources */,
				4F114402235B045600198E7C /* StockGraphView.swift in Sources */,
				4F11440A235B07A900198E7C /* DotCALayer.swift in Sources */,
				4F11440F235B13DA00198E7C /* Color.swift in Sources */,
				CBFEF3CE2358E29B00F0CEAC /* SceneDelegate.swift in Sources */,
				CBFEF3E82359427600F0CEAC /* HomeViewController.swift in Sources */,
				CBC20B402359A3B20078F2D1 /* ActionViewController.swift in Sources */,
				4F114406235B055300198E7C /* CurveAlgorithm.swift in Sources */,
			);
			runOnlyForDeploymentPostprocessing = 0;
		};
/* End PBXSourcesBuildPhase section */

/* Begin XCBuildConfiguration section */
		CBFEF3DA2358E29C00F0CEAC /* Debug */ = {
			isa = XCBuildConfiguration;
			buildSettings = {
				ALWAYS_SEARCH_USER_PATHS = NO;
				CLANG_ANALYZER_NONNULL = YES;
				CLANG_ANALYZER_NUMBER_OBJECT_CONVERSION = YES_AGGRESSIVE;
				CLANG_CXX_LANGUAGE_STANDARD = "gnu++14";
				CLANG_CXX_LIBRARY = "libc++";
				CLANG_ENABLE_MODULES = YES;
				CLANG_ENABLE_OBJC_ARC = YES;
				CLANG_ENABLE_OBJC_WEAK = YES;
				CLANG_WARN_BLOCK_CAPTURE_AUTORELEASING = YES;
				CLANG_WARN_BOOL_CONVERSION = YES;
				CLANG_WARN_COMMA = YES;
				CLANG_WARN_CONSTANT_CONVERSION = YES;
				CLANG_WARN_DEPRECATED_OBJC_IMPLEMENTATIONS = YES;
				CLANG_WARN_DIRECT_OBJC_ISA_USAGE = YES_ERROR;
				CLANG_WARN_DOCUMENTATION_COMMENTS = YES;
				CLANG_WARN_EMPTY_BODY = YES;
				CLANG_WARN_ENUM_CONVERSION = YES;
				CLANG_WARN_INFINITE_RECURSION = YES;
				CLANG_WARN_INT_CONVERSION = YES;
				CLANG_WARN_NON_LITERAL_NULL_CONVERSION = YES;
				CLANG_WARN_OBJC_IMPLICIT_RETAIN_SELF = YES;
				CLANG_WARN_OBJC_LITERAL_CONVERSION = YES;
				CLANG_WARN_OBJC_ROOT_CLASS = YES_ERROR;
				CLANG_WARN_RANGE_LOOP_ANALYSIS = YES;
				CLANG_WARN_STRICT_PROTOTYPES = YES;
				CLANG_WARN_SUSPICIOUS_MOVE = YES;
				CLANG_WARN_UNGUARDED_AVAILABILITY = YES_AGGRESSIVE;
				CLANG_WARN_UNREACHABLE_CODE = YES;
				CLANG_WARN__DUPLICATE_METHOD_MATCH = YES;
				COPY_PHASE_STRIP = NO;
				DEBUG_INFORMATION_FORMAT = dwarf;
				ENABLE_STRICT_OBJC_MSGSEND = YES;
				ENABLE_TESTABILITY = YES;
				GCC_C_LANGUAGE_STANDARD = gnu11;
				GCC_DYNAMIC_NO_PIC = NO;
				GCC_NO_COMMON_BLOCKS = YES;
				GCC_OPTIMIZATION_LEVEL = 0;
				GCC_PREPROCESSOR_DEFINITIONS = (
					"DEBUG=1",
					"$(inherited)",
				);
				GCC_WARN_64_TO_32_BIT_CONVERSION = YES;
				GCC_WARN_ABOUT_RETURN_TYPE = YES_ERROR;
				GCC_WARN_UNDECLARED_SELECTOR = YES;
				GCC_WARN_UNINITIALIZED_AUTOS = YES_AGGRESSIVE;
				GCC_WARN_UNUSED_FUNCTION = YES;
				GCC_WARN_UNUSED_VARIABLE = YES;
				IPHONEOS_DEPLOYMENT_TARGET = 13.0;
				MTL_ENABLE_DEBUG_INFO = INCLUDE_SOURCE;
				MTL_FAST_MATH = YES;
				ONLY_ACTIVE_ARCH = YES;
				SDKROOT = iphoneos;
				SWIFT_ACTIVE_COMPILATION_CONDITIONS = DEBUG;
				SWIFT_OPTIMIZATION_LEVEL = "-Onone";
			};
			name = Debug;
		};
		CBFEF3DB2358E29C00F0CEAC /* Release */ = {
			isa = XCBuildConfiguration;
			buildSettings = {
				ALWAYS_SEARCH_USER_PATHS = NO;
				CLANG_ANALYZER_NONNULL = YES;
				CLANG_ANALYZER_NUMBER_OBJECT_CONVERSION = YES_AGGRESSIVE;
				CLANG_CXX_LANGUAGE_STANDARD = "gnu++14";
				CLANG_CXX_LIBRARY = "libc++";
				CLANG_ENABLE_MODULES = YES;
				CLANG_ENABLE_OBJC_ARC = YES;
				CLANG_ENABLE_OBJC_WEAK = YES;
				CLANG_WARN_BLOCK_CAPTURE_AUTORELEASING = YES;
				CLANG_WARN_BOOL_CONVERSION = YES;
				CLANG_WARN_COMMA = YES;
				CLANG_WARN_CONSTANT_CONVERSION = YES;
				CLANG_WARN_DEPRECATED_OBJC_IMPLEMENTATIONS = YES;
				CLANG_WARN_DIRECT_OBJC_ISA_USAGE = YES_ERROR;
				CLANG_WARN_DOCUMENTATION_COMMENTS = YES;
				CLANG_WARN_EMPTY_BODY = YES;
				CLANG_WARN_ENUM_CONVERSION = YES;
				CLANG_WARN_INFINITE_RECURSION = YES;
				CLANG_WARN_INT_CONVERSION = YES;
				CLANG_WARN_NON_LITERAL_NULL_CONVERSION = YES;
				CLANG_WARN_OBJC_IMPLICIT_RETAIN_SELF = YES;
				CLANG_WARN_OBJC_LITERAL_CONVERSION = YES;
				CLANG_WARN_OBJC_ROOT_CLASS = YES_ERROR;
				CLANG_WARN_RANGE_LOOP_ANALYSIS = YES;
				CLANG_WARN_STRICT_PROTOTYPES = YES;
				CLANG_WARN_SUSPICIOUS_MOVE = YES;
				CLANG_WARN_UNGUARDED_AVAILABILITY = YES_AGGRESSIVE;
				CLANG_WARN_UNREACHABLE_CODE = YES;
				CLANG_WARN__DUPLICATE_METHOD_MATCH = YES;
				COPY_PHASE_STRIP = NO;
				DEBUG_INFORMATION_FORMAT = "dwarf-with-dsym";
				ENABLE_NS_ASSERTIONS = NO;
				ENABLE_STRICT_OBJC_MSGSEND = YES;
				GCC_C_LANGUAGE_STANDARD = gnu11;
				GCC_NO_COMMON_BLOCKS = YES;
				GCC_WARN_64_TO_32_BIT_CONVERSION = YES;
				GCC_WARN_ABOUT_RETURN_TYPE = YES_ERROR;
				GCC_WARN_UNDECLARED_SELECTOR = YES;
				GCC_WARN_UNINITIALIZED_AUTOS = YES_AGGRESSIVE;
				GCC_WARN_UNUSED_FUNCTION = YES;
				GCC_WARN_UNUSED_VARIABLE = YES;
				IPHONEOS_DEPLOYMENT_TARGET = 13.0;
				MTL_ENABLE_DEBUG_INFO = NO;
				MTL_FAST_MATH = YES;
				SDKROOT = iphoneos;
				SWIFT_COMPILATION_MODE = wholemodule;
				SWIFT_OPTIMIZATION_LEVEL = "-O";
				VALIDATE_PRODUCT = YES;
			};
			name = Release;
		};
		CBFEF3DD2358E29C00F0CEAC /* Debug */ = {
			isa = XCBuildConfiguration;
			buildSettings = {
				ASSETCATALOG_COMPILER_APPICON_NAME = AppIcon;
				CODE_SIGN_IDENTITY = "Apple Development";
				"CODE_SIGN_IDENTITY[sdk=*]" = "Apple Development";
				CODE_SIGN_STYLE = Automatic;
				DEVELOPMENT_TEAM = 8H77536R8V;
				INFOPLIST_FILE = LookerETASTE/Info.plist;
				LD_RUNPATH_SEARCH_PATHS = (
					"$(inherited)",
					"@executable_path/Frameworks",
				);
				PRODUCT_BUNDLE_IDENTIFIER = com.looker.LookerETASTE;
				PRODUCT_NAME = "$(TARGET_NAME)";
				PROVISIONING_PROFILE_SPECIFIER = "";
				SWIFT_VERSION = 5.0;
				TARGETED_DEVICE_FAMILY = 1;
			};
			name = Debug;
		};
		CBFEF3DE2358E29C00F0CEAC /* Release */ = {
			isa = XCBuildConfiguration;
			buildSettings = {
				ASSETCATALOG_COMPILER_APPICON_NAME = AppIcon;
				CODE_SIGN_IDENTITY = "Apple Development";
				"CODE_SIGN_IDENTITY[sdk=*]" = "Apple Development";
				CODE_SIGN_STYLE = Automatic;
				DEVELOPMENT_TEAM = 8H77536R8V;
				INFOPLIST_FILE = LookerETASTE/Info.plist;
				LD_RUNPATH_SEARCH_PATHS = (
					"$(inherited)",
					"@executable_path/Frameworks",
				);
				PRODUCT_BUNDLE_IDENTIFIER = com.looker.LookerETASTE;
				PRODUCT_NAME = "$(TARGET_NAME)";
				PROVISIONING_PROFILE_SPECIFIER = "";
				SWIFT_VERSION = 5.0;
				TARGETED_DEVICE_FAMILY = 1;
			};
			name = Release;
		};
/* End XCBuildConfiguration section */

/* Begin XCConfigurationList section */
		CBFEF3C32358E29B00F0CEAC /* Build configuration list for PBXProject "LookerETASTE" */ = {
			isa = XCConfigurationList;
			buildConfigurations = (
				CBFEF3DA2358E29C00F0CEAC /* Debug */,
				CBFEF3DB2358E29C00F0CEAC /* Release */,
			);
			defaultConfigurationIsVisible = 0;
			defaultConfigurationName = Release;
		};
		CBFEF3DC2358E29C00F0CEAC /* Build configuration list for PBXNativeTarget "LookerETASTE" */ = {
			isa = XCConfigurationList;
			buildConfigurations = (
				CBFEF3DD2358E29C00F0CEAC /* Debug */,
				CBFEF3DE2358E29C00F0CEAC /* Release */,
			);
			defaultConfigurationIsVisible = 0;
			defaultConfigurationName = Release;
		};
/* End XCConfigurationList section */
	};
	rootObject = CBFEF3C02358E29B00F0CEAC /* Project object */;
}
